
Microsoft Visual Studio Solution File, Format Version 12.00
# Visual Studio 15
VisualStudioVersion = 15.0.27130.2026
MinimumVisualStudioVersion = 10.0.40219.1
Project("{9A19103F-16F7-4668-BE54-9A1E7A4F7556}") = "SoftUniParking", "SoftUniParking.csproj", "{88420D51-7022-443E-883D-3A6CA445857C}"
EndProject
Global
	GlobalSection(SolutionConfigurationPlatforms) = preSolution
		Debug|Any CPU = Debug|Any CPU
		Release|Any CPU = Release|Any CPU
	EndGlobalSection
	GlobalSection(ProjectConfigurationPlatforms) = postSolution
		{88420D51-7022-443E-883D-3A6CA445857C}.Debug|Any CPU.ActiveCfg = Debug|Any CPU
		{88420D51-7022-443E-883D-3A6CA445857C}.Debug|Any CPU.Build.0 = Debug|Any CPU
		{88420D51-7022-443E-883D-3A6CA445857C}.Release|Any CPU.ActiveCfg = Release|Any CPU
		{88420D51-7022-443E-883D-3A6CA445857C}.Release|Any CPU.Build.0 = Release|Any CPU
	EndGlobalSection
	GlobalSection(SolutionProperties) = preSolution
		HideSolutionNode = FALSE
	EndGlobalSection
	GlobalSection(ExtensibilityGlobals) = postSolution
		SolutionGuid = {7BE41FA0-B3DC-431D-B36C-23217DC03B79}
	EndGlobalSection
EndGlobal
