
Microsoft Visual Studio Solution File, Format Version 12.00
# Visual Studio 15
VisualStudioVersion = 15.0.27130.2026
MinimumVisualStudioVersion = 10.0.40219.1
Project("{9A19103F-16F7-4668-BE54-9A1E7A4F7556}") = "Lab1BoxOfT", "Lab1BoxOfT\Lab1BoxOfT.csproj", "{9388FA9F-B4DF-4EEC-86F6-E2B8CA03CD92}"
EndProject
Project("{9A19103F-16F7-4668-BE54-9A1E7A4F7556}") = "Lab2GenericArrayCreator", "Lab2GenericArrayCreator\Lab2GenericArrayCreator.csproj", "{B8E1FA2A-E62E-48D6-9BC1-282E6B36ABD1}"
EndProject
Project("{9A19103F-16F7-4668-BE54-9A1E7A4F7556}") = "Lab3GenericScale", "Lab3GenericScale\Lab3GenericScale.csproj", "{1A1805EF-9083-4783-8A04-2347E2DD9ACA}"
EndProject
Project("{9A19103F-16F7-4668-BE54-9A1E7A4F7556}") = "Problem1GenericBoxOfString", "Problem1GenericBoxOfString\Problem1GenericBoxOfString.csproj", "{0A311C76-305E-4E64-9394-102590A66C29}"
EndProject
Project("{FAE04EC0-301F-11D3-BF4B-00C04F79EFBC}") = "Problem2GenericBoxOfInteger", "Problem2GenericBoxOfInteger\Problem2GenericBoxOfInteger.csproj", "{9DE77AFF-8FDA-41EA-B8A6-0883F6F25AAF}"
EndProject
Project("{FAE04EC0-301F-11D3-BF4B-00C04F79EFBC}") = "Problem3GenericSwapMethodStrings", "Problem3GenericSwapMethodStrings\Problem3GenericSwapMethodStrings.csproj", "{A172B66C-2C6C-419A-B8F5-3087C5E9D144}"
EndProject
Global
	GlobalSection(SolutionConfigurationPlatforms) = preSolution
		Debug|Any CPU = Debug|Any CPU
		Release|Any CPU = Release|Any CPU
	EndGlobalSection
	GlobalSection(ProjectConfigurationPlatforms) = postSolution
		{9388FA9F-B4DF-4EEC-86F6-E2B8CA03CD92}.Debug|Any CPU.ActiveCfg = Debug|Any CPU
		{9388FA9F-B4DF-4EEC-86F6-E2B8CA03CD92}.Debug|Any CPU.Build.0 = Debug|Any CPU
		{9388FA9F-B4DF-4EEC-86F6-E2B8CA03CD92}.Release|Any CPU.ActiveCfg = Release|Any CPU
		{9388FA9F-B4DF-4EEC-86F6-E2B8CA03CD92}.Release|Any CPU.Build.0 = Release|Any CPU
		{B8E1FA2A-E62E-48D6-9BC1-282E6B36ABD1}.Debug|Any CPU.ActiveCfg = Debug|Any CPU
		{B8E1FA2A-E62E-48D6-9BC1-282E6B36ABD1}.Debug|Any CPU.Build.0 = Debug|Any CPU
		{B8E1FA2A-E62E-48D6-9BC1-282E6B36ABD1}.Release|Any CPU.ActiveCfg = Release|Any CPU
		{B8E1FA2A-E62E-48D6-9BC1-282E6B36ABD1}.Release|Any CPU.Build.0 = Release|Any CPU
		{1A1805EF-9083-4783-8A04-2347E2DD9ACA}.Debug|Any CPU.ActiveCfg = Debug|Any CPU
		{1A1805EF-9083-4783-8A04-2347E2DD9ACA}.Debug|Any CPU.Build.0 = Debug|Any CPU
		{1A1805EF-9083-4783-8A04-2347E2DD9ACA}.Release|Any CPU.ActiveCfg = Release|Any CPU
		{1A1805EF-9083-4783-8A04-2347E2DD9ACA}.Release|Any CPU.Build.0 = Release|Any CPU
		{0A311C76-305E-4E64-9394-102590A66C29}.Debug|Any CPU.ActiveCfg = Debug|Any CPU
		{0A311C76-305E-4E64-9394-102590A66C29}.Debug|Any CPU.Build.0 = Debug|Any CPU
		{0A311C76-305E-4E64-9394-102590A66C29}.Release|Any CPU.ActiveCfg = Release|Any CPU
		{0A311C76-305E-4E64-9394-102590A66C29}.Release|Any CPU.Build.0 = Release|Any CPU
		{9DE77AFF-8FDA-41EA-B8A6-0883F6F25AAF}.Debug|Any CPU.ActiveCfg = Debug|Any CPU
		{9DE77AFF-8FDA-41EA-B8A6-0883F6F25AAF}.Debug|Any CPU.Build.0 = Debug|Any CPU
		{9DE77AFF-8FDA-41EA-B8A6-0883F6F25AAF}.Release|Any CPU.ActiveCfg = Release|Any CPU
		{9DE77AFF-8FDA-41EA-B8A6-0883F6F25AAF}.Release|Any CPU.Build.0 = Release|Any CPU
		{A172B66C-2C6C-419A-B8F5-3087C5E9D144}.Debug|Any CPU.ActiveCfg = Debug|Any CPU
		{A172B66C-2C6C-419A-B8F5-3087C5E9D144}.Debug|Any CPU.Build.0 = Debug|Any CPU
		{A172B66C-2C6C-419A-B8F5-3087C5E9D144}.Release|Any CPU.ActiveCfg = Release|Any CPU
		{A172B66C-2C6C-419A-B8F5-3087C5E9D144}.Release|Any CPU.Build.0 = Release|Any CPU
	EndGlobalSection
	GlobalSection(SolutionProperties) = preSolution
		HideSolutionNode = FALSE
	EndGlobalSection
	GlobalSection(ExtensibilityGlobals) = postSolution
		SolutionGuid = {B2E5AFBE-0C47-4B78-982A-80A0071DF350}
	EndGlobalSection
EndGlobal
